
Microsoft Visual Studio Solution File, Format Version 12.00
# Visual Studio Version 17
VisualStudioVersion = 17.4.33122.133
MinimumVisualStudioVersion = 10.0.40219.1
Project("{9A19103F-16F7-4668-BE54-9A1E7A4F7556}") = "No.02", "No.02\No.02.csproj", "{3375A0DD-190C-4AFE-A8FD-3471C469C3E3}"
EndProject
Project("{9A19103F-16F7-4668-BE54-9A1E7A4F7556}") = "No.01", "No.01\No.01.csproj", "{4DA061B6-EA78-4D87-99CF-331170C2FCE3}"
EndProject
Project("{2150E333-8FDC-42A3-9474-1A3956D46DE8}") = "Projektmappenelemente", "Projektmappenelemente", "{9DB8AC48-D4EF-497F-B8C4-2C64FC3B381C}"
	ProjectSection(SolutionItems) = preProject
		.editorconfig = .editorconfig
		.gitignore = .gitignore
	EndProjectSection
EndProject
Project("{9A19103F-16F7-4668-BE54-9A1E7A4F7556}") = "No.02_Tests", "No.02_Tests\No.02_Tests.csproj", "{B6FFBBAC-B192-4793-A6BE-B985AF8E38A6}"
EndProject
Project("{FAE04EC0-301F-11D3-BF4B-00C04F79EFBC}") = "No.03", "No.03\No.03.csproj", "{7BBBC70E-A1B8-487B-A42B-4B449F2FA518}"
EndProject
Project("{FAE04EC0-301F-11D3-BF4B-00C04F79EFBC}") = "No.03_Tests", "No.03_Tests\No.03_Tests.csproj", "{A6A7DA6B-F6B1-4AF2-9E30-DED31D4909E5}"
EndProject
Project("{FAE04EC0-301F-11D3-BF4B-00C04F79EFBC}") = "No.04_Tests", "No.04_Tests\No.04_Tests.csproj", "{AE045823-EC75-4C98-91AC-C531EB10D669}"
EndProject
Project("{FAE04EC0-301F-11D3-BF4B-00C04F79EFBC}") = "No.04", "No.04\No.04.csproj", "{EBD44AE1-3394-410B-9BBE-657491697F28}"
EndProject
Project("{FAE04EC0-301F-11D3-BF4B-00C04F79EFBC}") = "No.05", "No.05\No.05.csproj", "{DF06BDD0-FBD0-4074-A5C2-EAD940B41815}"
EndProject
Project("{FAE04EC0-301F-11D3-BF4B-00C04F79EFBC}") = "No.05_Tests", "No.05_Tests\No.05_Tests.csproj", "{EE7B132E-0CA2-41F5-BF48-AFF0EBE5A5D6}"
EndProject
Project("{FAE04EC0-301F-11D3-BF4B-00C04F79EFBC}") = "No.06_Tests", "No.06_Tests\No.06_Tests.csproj", "{A0970840-8E04-44F9-AFAD-7D9EF2E92315}"
EndProject
Project("{FAE04EC0-301F-11D3-BF4B-00C04F79EFBC}") = "No.06", "No.06\No.06.csproj", "{38E0E345-C514-4614-8EF5-69D147E87FE1}"
EndProject
Project("{FAE04EC0-301F-11D3-BF4B-00C04F79EFBC}") = "No.07", "No.07\No.07.csproj", "{B5B4C8F7-A4BA-4882-8683-8A63F41CD494}"
EndProject
Project("{FAE04EC0-301F-11D3-BF4B-00C04F79EFBC}") = "No.07_Tests", "No.07_Tests\No.07_Tests.csproj", "{5A103F34-7737-40F6-B112-47F079CE9ACE}"
EndProject
Project("{FAE04EC0-301F-11D3-BF4B-00C04F79EFBC}") = "No.08_Tests", "No.08_Tests\No.08_Tests.csproj", "{889FD5F4-9A96-47B2-9942-90BB2B58A1D5}"
EndProject
Project("{FAE04EC0-301F-11D3-BF4B-00C04F79EFBC}") = "No.08", "No.08\No.08.csproj", "{97E0885B-965F-4779-99F5-4C8E6BCE2ADC}"
EndProject
Project("{FAE04EC0-301F-11D3-BF4B-00C04F79EFBC}") = "No.09", "No.09\No.09.csproj", "{F7240F9F-CFC6-4C14-8319-AB9E26DCF48B}"
EndProject
Project("{FAE04EC0-301F-11D3-BF4B-00C04F79EFBC}") = "No.09_Tests", "No.09_Tests\No.09_Tests.csproj", "{1FA62E96-D36C-4C20-98E1-61F0F567F2FC}"
EndProject
Global
	GlobalSection(SolutionConfigurationPlatforms) = preSolution
		Debug|Any CPU = Debug|Any CPU
		Release|Any CPU = Release|Any CPU
	EndGlobalSection
	GlobalSection(ProjectConfigurationPlatforms) = postSolution
		{3375A0DD-190C-4AFE-A8FD-3471C469C3E3}.Debug|Any CPU.ActiveCfg = Debug|Any CPU
		{3375A0DD-190C-4AFE-A8FD-3471C469C3E3}.Debug|Any CPU.Build.0 = Debug|Any CPU
		{3375A0DD-190C-4AFE-A8FD-3471C469C3E3}.Release|Any CPU.ActiveCfg = Release|Any CPU
		{3375A0DD-190C-4AFE-A8FD-3471C469C3E3}.Release|Any CPU.Build.0 = Release|Any CPU
		{4DA061B6-EA78-4D87-99CF-331170C2FCE3}.Debug|Any CPU.ActiveCfg = Debug|Any CPU
		{4DA061B6-EA78-4D87-99CF-331170C2FCE3}.Debug|Any CPU.Build.0 = Debug|Any CPU
		{4DA061B6-EA78-4D87-99CF-331170C2FCE3}.Release|Any CPU.ActiveCfg = Release|Any CPU
		{4DA061B6-EA78-4D87-99CF-331170C2FCE3}.Release|Any CPU.Build.0 = Release|Any CPU
		{B6FFBBAC-B192-4793-A6BE-B985AF8E38A6}.Debug|Any CPU.ActiveCfg = Debug|Any CPU
		{B6FFBBAC-B192-4793-A6BE-B985AF8E38A6}.Debug|Any CPU.Build.0 = Debug|Any CPU
		{B6FFBBAC-B192-4793-A6BE-B985AF8E38A6}.Release|Any CPU.ActiveCfg = Release|Any CPU
		{B6FFBBAC-B192-4793-A6BE-B985AF8E38A6}.Release|Any CPU.Build.0 = Release|Any CPU
		{7BBBC70E-A1B8-487B-A42B-4B449F2FA518}.Debug|Any CPU.ActiveCfg = Debug|Any CPU
		{7BBBC70E-A1B8-487B-A42B-4B449F2FA518}.Debug|Any CPU.Build.0 = Debug|Any CPU
		{7BBBC70E-A1B8-487B-A42B-4B449F2FA518}.Release|Any CPU.ActiveCfg = Release|Any CPU
		{7BBBC70E-A1B8-487B-A42B-4B449F2FA518}.Release|Any CPU.Build.0 = Release|Any CPU
		{A6A7DA6B-F6B1-4AF2-9E30-DED31D4909E5}.Debug|Any CPU.ActiveCfg = Debug|Any CPU
		{A6A7DA6B-F6B1-4AF2-9E30-DED31D4909E5}.Debug|Any CPU.Build.0 = Debug|Any CPU
		{A6A7DA6B-F6B1-4AF2-9E30-DED31D4909E5}.Release|Any CPU.ActiveCfg = Release|Any CPU
		{A6A7DA6B-F6B1-4AF2-9E30-DED31D4909E5}.Release|Any CPU.Build.0 = Release|Any CPU
		{AE045823-EC75-4C98-91AC-C531EB10D669}.Debug|Any CPU.ActiveCfg = Debug|Any CPU
		{AE045823-EC75-4C98-91AC-C531EB10D669}.Debug|Any CPU.Build.0 = Debug|Any CPU
		{AE045823-EC75-4C98-91AC-C531EB10D669}.Release|Any CPU.ActiveCfg = Release|Any CPU
		{AE045823-EC75-4C98-91AC-C531EB10D669}.Release|Any CPU.Build.0 = Release|Any CPU
		{EBD44AE1-3394-410B-9BBE-657491697F28}.Debug|Any CPU.ActiveCfg = Debug|Any CPU
		{EBD44AE1-3394-410B-9BBE-657491697F28}.Debug|Any CPU.Build.0 = Debug|Any CPU
		{EBD44AE1-3394-410B-9BBE-657491697F28}.Release|Any CPU.ActiveCfg = Release|Any CPU
		{EBD44AE1-3394-410B-9BBE-657491697F28}.Release|Any CPU.Build.0 = Release|Any CPU
		{DF06BDD0-FBD0-4074-A5C2-EAD940B41815}.Debug|Any CPU.ActiveCfg = Debug|Any CPU
		{DF06BDD0-FBD0-4074-A5C2-EAD940B41815}.Debug|Any CPU.Build.0 = Debug|Any CPU
		{DF06BDD0-FBD0-4074-A5C2-EAD940B41815}.Release|Any CPU.ActiveCfg = Release|Any CPU
		{DF06BDD0-FBD0-4074-A5C2-EAD940B41815}.Release|Any CPU.Build.0 = Release|Any CPU
		{EE7B132E-0CA2-41F5-BF48-AFF0EBE5A5D6}.Debug|Any CPU.ActiveCfg = Debug|Any CPU
		{EE7B132E-0CA2-41F5-BF48-AFF0EBE5A5D6}.Debug|Any CPU.Build.0 = Debug|Any CPU
		{EE7B132E-0CA2-41F5-BF48-AFF0EBE5A5D6}.Release|Any CPU.ActiveCfg = Release|Any CPU
		{EE7B132E-0CA2-41F5-BF48-AFF0EBE5A5D6}.Release|Any CPU.Build.0 = Release|Any CPU
		{A0970840-8E04-44F9-AFAD-7D9EF2E92315}.Debug|Any CPU.ActiveCfg = Debug|Any CPU
		{A0970840-8E04-44F9-AFAD-7D9EF2E92315}.Debug|Any CPU.Build.0 = Debug|Any CPU
		{A0970840-8E04-44F9-AFAD-7D9EF2E92315}.Release|Any CPU.ActiveCfg = Release|Any CPU
		{A0970840-8E04-44F9-AFAD-7D9EF2E92315}.Release|Any CPU.Build.0 = Release|Any CPU
		{38E0E345-C514-4614-8EF5-69D147E87FE1}.Debug|Any CPU.ActiveCfg = Debug|Any CPU
		{38E0E345-C514-4614-8EF5-69D147E87FE1}.Debug|Any CPU.Build.0 = Debug|Any CPU
		{38E0E345-C514-4614-8EF5-69D147E87FE1}.Release|Any CPU.ActiveCfg = Release|Any CPU
		{38E0E345-C514-4614-8EF5-69D147E87FE1}.Release|Any CPU.Build.0 = Release|Any CPU
		{B5B4C8F7-A4BA-4882-8683-8A63F41CD494}.Debug|Any CPU.ActiveCfg = Debug|Any CPU
		{B5B4C8F7-A4BA-4882-8683-8A63F41CD494}.Debug|Any CPU.Build.0 = Debug|Any CPU
		{B5B4C8F7-A4BA-4882-8683-8A63F41CD494}.Release|Any CPU.ActiveCfg = Release|Any CPU
		{B5B4C8F7-A4BA-4882-8683-8A63F41CD494}.Release|Any CPU.Build.0 = Release|Any CPU
		{5A103F34-7737-40F6-B112-47F079CE9ACE}.Debug|Any CPU.ActiveCfg = Debug|Any CPU
		{5A103F34-7737-40F6-B112-47F079CE9ACE}.Debug|Any CPU.Build.0 = Debug|Any CPU
		{5A103F34-7737-40F6-B112-47F079CE9ACE}.Release|Any CPU.ActiveCfg = Release|Any CPU
		{5A103F34-7737-40F6-B112-47F079CE9ACE}.Release|Any CPU.Build.0 = Release|Any CPU
		{889FD5F4-9A96-47B2-9942-90BB2B58A1D5}.Debug|Any CPU.ActiveCfg = Debug|Any CPU
		{889FD5F4-9A96-47B2-9942-90BB2B58A1D5}.Debug|Any CPU.Build.0 = Debug|Any CPU
		{889FD5F4-9A96-47B2-9942-90BB2B58A1D5}.Release|Any CPU.ActiveCfg = Release|Any CPU
		{889FD5F4-9A96-47B2-9942-90BB2B58A1D5}.Release|Any CPU.Build.0 = Release|Any CPU
		{97E0885B-965F-4779-99F5-4C8E6BCE2ADC}.Debug|Any CPU.ActiveCfg = Debug|Any CPU
		{97E0885B-965F-4779-99F5-4C8E6BCE2ADC}.Debug|Any CPU.Build.0 = Debug|Any CPU
		{97E0885B-965F-4779-99F5-4C8E6BCE2ADC}.Release|Any CPU.ActiveCfg = Release|Any CPU
		{97E0885B-965F-4779-99F5-4C8E6BCE2ADC}.Release|Any CPU.Build.0 = Release|Any CPU
		{F7240F9F-CFC6-4C14-8319-AB9E26DCF48B}.Debug|Any CPU.ActiveCfg = Debug|Any CPU
		{F7240F9F-CFC6-4C14-8319-AB9E26DCF48B}.Debug|Any CPU.Build.0 = Debug|Any CPU
		{F7240F9F-CFC6-4C14-8319-AB9E26DCF48B}.Release|Any CPU.ActiveCfg = Release|Any CPU
		{F7240F9F-CFC6-4C14-8319-AB9E26DCF48B}.Release|Any CPU.Build.0 = Release|Any CPU
		{1FA62E96-D36C-4C20-98E1-61F0F567F2FC}.Debug|Any CPU.ActiveCfg = Debug|Any CPU
		{1FA62E96-D36C-4C20-98E1-61F0F567F2FC}.Debug|Any CPU.Build.0 = Debug|Any CPU
		{1FA62E96-D36C-4C20-98E1-61F0F567F2FC}.Release|Any CPU.ActiveCfg = Release|Any CPU
		{1FA62E96-D36C-4C20-98E1-61F0F567F2FC}.Release|Any CPU.Build.0 = Release|Any CPU
	EndGlobalSection
	GlobalSection(SolutionProperties) = preSolution
		HideSolutionNode = FALSE
	EndGlobalSection
	GlobalSection(ExtensibilityGlobals) = postSolution
		SolutionGuid = {F6819328-1F2F-4037-9C1C-1E43B7A2D980}
	EndGlobalSection
EndGlobal
